
Microsoft Visual Studio Solution File, Format Version 12.00
# Visual Studio Version 16
VisualStudioVersion = 16.0.30225.117
MinimumVisualStudioVersion = 10.0.40219.1
Project("{FAE04EC0-301F-11D3-BF4B-00C04F79EFBC}") = "Week4Api", "Week4Api\Week4Api.csproj", "{293C393C-1116-4E33-AF4B-03BB34AF21F2}"
EndProject
Global
	GlobalSection(SolutionConfigurationPlatforms) = preSolution
		Debug|Any CPU = Debug|Any CPU
		Release|Any CPU = Release|Any CPU
	EndGlobalSection
	GlobalSection(ProjectConfigurationPlatforms) = postSolution
		{293C393C-1116-4E33-AF4B-03BB34AF21F2}.Debug|Any CPU.ActiveCfg = Debug|Any CPU
		{293C393C-1116-4E33-AF4B-03BB34AF21F2}.Debug|Any CPU.Build.0 = Debug|Any CPU
		{293C393C-1116-4E33-AF4B-03BB34AF21F2}.Release|Any CPU.ActiveCfg = Release|Any CPU
		{293C393C-1116-4E33-AF4B-03BB34AF21F2}.Release|Any CPU.Build.0 = Release|Any CPU
	EndGlobalSection
	GlobalSection(SolutionProperties) = preSolution
		HideSolutionNode = FALSE
	EndGlobalSection
	GlobalSection(ExtensibilityGlobals) = postSolution
		SolutionGuid = {FB432B9E-4442-49E3-92DD-046C32DEAF7C}
	EndGlobalSection
EndGlobal
